// !$*UTF8*$!
{
	archiveVersion = 1;
	classes = {
	};
	objectVersion = 51;
	objects = {

/* Begin PBXBuildFile section */
		BF04F42A254F2DD800DFC625 /* UploadTableViewController + Extension.swift in Sources */ = {isa = PBXBuildFile; fileRef = BF04F429254F2DD800DFC625 /* UploadTableViewController + Extension.swift */; };
		BF186A7C259A946500C38121 /* EditUploadTableViewController.swift in Sources */ = {isa = PBXBuildFile; fileRef = BF186A7B259A946500C38121 /* EditUploadTableViewController.swift */; };
		BF186A7F259A95EA00C38121 /* EditUploadTableViewController + Extension.swift in Sources */ = {isa = PBXBuildFile; fileRef = BF186A7E259A95EA00C38121 /* EditUploadTableViewController + Extension.swift */; };
		BF25D3A42557927B00D9098F /* Preferences.swift in Sources */ = {isa = PBXBuildFile; fileRef = BF25D3A32557927B00D9098F /* Preferences.swift */; };
		BF25D3A625579FDD00D9098F /* PreferencesAPI.swift in Sources */ = {isa = PBXBuildFile; fileRef = BF25D3A525579FDD00D9098F /* PreferencesAPI.swift */; };
		BF4219B3259DA9F100A139F5 /* DemoMusicPlayerController + ExtensionPreview.swift in Sources */ = {isa = PBXBuildFile; fileRef = BF4219B2259DA9F100A139F5 /* DemoMusicPlayerController + ExtensionPreview.swift */; };
		BF53328125AD762C00553680 /* AudioRadarViewController + ExtensionTest.swift in Sources */ = {isa = PBXBuildFile; fileRef = BF53328025AD762C00553680 /* AudioRadarViewController + ExtensionTest.swift */; };
		BF5ADFDF25950E0500C05B6C /* UserProfileViewController + Extension.swift in Sources */ = {isa = PBXBuildFile; fileRef = BF5ADFDE25950E0500C05B6C /* UserProfileViewController + Extension.swift */; };
		BF633AE724CFE78200B2BCB1 /* AudioCard.xib in Resources */ = {isa = PBXBuildFile; fileRef = BF633AE524CFE78100B2BCB1 /* AudioCard.xib */; };
		BF633AE924D139CD00B2BCB1 /* LikesTableViewController.swift in Sources */ = {isa = PBXBuildFile; fileRef = BF633AE824D139CD00B2BCB1 /* LikesTableViewController.swift */; };
		BF633AEB24D2500900B2BCB1 /* LikesAudioTableViewCell.swift in Sources */ = {isa = PBXBuildFile; fileRef = BF633AEA24D2500900B2BCB1 /* LikesAudioTableViewCell.swift */; };
		BF633AED24DF431400B2BCB1 /* AudioRadarViewController + Extension.swift in Sources */ = {isa = PBXBuildFile; fileRef = BF633AEC24DF431300B2BCB1 /* AudioRadarViewController + Extension.swift */; };
		BF68912C246665DA00690BDF /* UploadTableViewController.swift in Sources */ = {isa = PBXBuildFile; fileRef = BF68912B246665DA00690BDF /* UploadTableViewController.swift */; };
		BF68912E246668E600690BDF /* AudioAPI.swift in Sources */ = {isa = PBXBuildFile; fileRef = BF68912D246668E600690BDF /* AudioAPI.swift */; };
		BF68913024666A0B00690BDF /* Audio.swift in Sources */ = {isa = PBXBuildFile; fileRef = BF68912F24666A0B00690BDF /* Audio.swift */; };
		BF6B25DF2478C6690076B069 /* DemoMusicPlayerController+Extension.swift in Sources */ = {isa = PBXBuildFile; fileRef = BF6B25DE2478C6680076B069 /* DemoMusicPlayerController+Extension.swift */; };
		BF6B25F1249DB04B0076B069 /* LNPopupController.framework in Frameworks */ = {isa = PBXBuildFile; fileRef = BF6B25F0249DB03F0076B069 /* LNPopupController.framework */; };
		BF6B25F2249DB04B0076B069 /* LNPopupController.framework in Embed Frameworks */ = {isa = PBXBuildFile; fileRef = BF6B25F0249DB03F0076B069 /* LNPopupController.framework */; settings = {ATTRIBUTES = (CodeSignOnCopy, RemoveHeadersOnCopy, ); }; };
		BF78D54A2559DEA400D0F9A5 /* AudioRadarViewController + Card Extension.swift in Sources */ = {isa = PBXBuildFile; fileRef = BF78D5492559DEA400D0F9A5 /* AudioRadarViewController + Card Extension.swift */; };
		BF82D24E242FF4ED00C90CDA /* DetailViewController.swift in Sources */ = {isa = PBXBuildFile; fileRef = BF82D24D242FF4ED00C90CDA /* DetailViewController.swift */; };
		BF92B16F258D3F5C00A1E15E /* PopUpWindow.swift in Sources */ = {isa = PBXBuildFile; fileRef = BF92B16E258D3F5C00A1E15E /* PopUpWindow.swift */; };
		BF9C6370240A160100DA740D /* AppDelegate.swift in Sources */ = {isa = PBXBuildFile; fileRef = BF9C636F240A160100DA740D /* AppDelegate.swift */; };
		BF9C6372240A160100DA740D /* SceneDelegate.swift in Sources */ = {isa = PBXBuildFile; fileRef = BF9C6371240A160100DA740D /* SceneDelegate.swift */; };
		BF9C6374240A160100DA740D /* ViewController.swift in Sources */ = {isa = PBXBuildFile; fileRef = BF9C6373240A160100DA740D /* ViewController.swift */; };
		BF9C6377240A160100DA740D /* Main.storyboard in Resources */ = {isa = PBXBuildFile; fileRef = BF9C6375240A160100DA740D /* Main.storyboard */; };
		BF9C637A240A160100DA740D /* Hooked.xcdatamodeld in Sources */ = {isa = PBXBuildFile; fileRef = BF9C6378240A160100DA740D /* Hooked.xcdatamodeld */; };
		BF9C637C240A160200DA740D /* Assets.xcassets in Resources */ = {isa = PBXBuildFile; fileRef = BF9C637B240A160200DA740D /* Assets.xcassets */; };
		BF9C637F240A160200DA740D /* LaunchScreen.storyboard in Resources */ = {isa = PBXBuildFile; fileRef = BF9C637D240A160200DA740D /* LaunchScreen.storyboard */; };
		BF9C6387240AD8C300DA740D /* ViewController+UI.swift in Sources */ = {isa = PBXBuildFile; fileRef = BF9C6386240AD8C300DA740D /* ViewController+UI.swift */; };
		BF9C6389240AE08300DA740D /* SignUpViewController.swift in Sources */ = {isa = PBXBuildFile; fileRef = BF9C6388240AE08300DA740D /* SignUpViewController.swift */; };
		BF9C638B240AE9C000DA740D /* SignUpViewController+UI.swift in Sources */ = {isa = PBXBuildFile; fileRef = BF9C638A240AE9C000DA740D /* SignUpViewController+UI.swift */; };
		BF9C638D240AF57F00DA740D /* SignInViewController.swift in Sources */ = {isa = PBXBuildFile; fileRef = BF9C638C240AF57F00DA740D /* SignInViewController.swift */; };
		BF9C638F240AF59200DA740D /* SignInViewController+UI.swift in Sources */ = {isa = PBXBuildFile; fileRef = BF9C638E240AF59200DA740D /* SignInViewController+UI.swift */; };
		BF9C6391240AFA9600DA740D /* ForgotPasswordViewController.swift in Sources */ = {isa = PBXBuildFile; fileRef = BF9C6390240AFA9600DA740D /* ForgotPasswordViewController.swift */; };
		BF9C6393240AFAAE00DA740D /* ForgotPasswordViewController+UI.swift in Sources */ = {isa = PBXBuildFile; fileRef = BF9C6392240AFAAE00DA740D /* ForgotPasswordViewController+UI.swift */; };
		BF9C6395240C3A5600DA740D /* GoogleService-Info.plist in Resources */ = {isa = PBXBuildFile; fileRef = BF9C6394240C3A5600DA740D /* GoogleService-Info.plist */; };
		BF9C6397241351D000DA740D /* Api.swift in Sources */ = {isa = PBXBuildFile; fileRef = BF9C6396241351D000DA740D /* Api.swift */; };
		BF9C63992413522D00DA740D /* UserApi.swift in Sources */ = {isa = PBXBuildFile; fileRef = BF9C63982413522D00DA740D /* UserApi.swift */; };
		BF9C639B241361AE00DA740D /* StorageService.swift in Sources */ = {isa = PBXBuildFile; fileRef = BF9C639A241361AE00DA740D /* StorageService.swift */; };
		BF9C639D2413674300DA740D /* Ref.swift in Sources */ = {isa = PBXBuildFile; fileRef = BF9C639C2413674300DA740D /* Ref.swift */; };
		BF9C63A5241493D900DA740D /* User.swift in Sources */ = {isa = PBXBuildFile; fileRef = BF9C63A4241493D900DA740D /* User.swift */; };
		BF9C63A72414A09A00DA740D /* Extension.swift in Sources */ = {isa = PBXBuildFile; fileRef = BF9C63A62414A09A00DA740D /* Extension.swift */; };
		BF9C63A92426A7C200DA740D /* ProfileTableViewController.swift in Sources */ = {isa = PBXBuildFile; fileRef = BF9C63A82426A7C200DA740D /* ProfileTableViewController.swift */; };
		BFC9EF5424AC30AD004FFF1E /* AudioRadarViewController.swift in Sources */ = {isa = PBXBuildFile; fileRef = BFC9EF5324AC30AD004FFF1E /* AudioRadarViewController.swift */; };
		BFC9EF5624AC3403004FFF1E /* AudioCard.swift in Sources */ = {isa = PBXBuildFile; fileRef = BFC9EF5524AC3403004FFF1E /* AudioCard.swift */; };
		BFE9C374246B9ED1005686BC /* UserProfileViewController.swift in Sources */ = {isa = PBXBuildFile; fileRef = BFE9C373246B9ED1005686BC /* UserProfileViewController.swift */; };
		BFE9C376246E202D005686BC /* AudioTableViewCell.swift in Sources */ = {isa = PBXBuildFile; fileRef = BFE9C375246E202D005686BC /* AudioTableViewCell.swift */; };
		BFE9C38F246FC791005686BC /* DemoMusicPlayerController.swift in Sources */ = {isa = PBXBuildFile; fileRef = BFE9C38E246FC791005686BC /* DemoMusicPlayerController.swift */; };
		BFF1C3CA2449546800E99A46 /* PreferenceTableViewController.swift in Sources */ = {isa = PBXBuildFile; fileRef = BFF1C3C92449546800E99A46 /* PreferenceTableViewController.swift */; };
		BFF1C3CE244CBE4C00E99A46 /* Likes.swift in Sources */ = {isa = PBXBuildFile; fileRef = BFF1C3CD244CBE4C00E99A46 /* Likes.swift */; };
		BFF276AF2432FB1000E66930 /* Card.xib in Resources */ = {isa = PBXBuildFile; fileRef = BFF276AE2432FB1000E66930 /* Card.xib */; };
		DCA2712F463D269657B12A1C /* Pods_Hooked.framework in Frameworks */ = {isa = PBXBuildFile; fileRef = 9DD71C81897F3D50155825E2 /* Pods_Hooked.framework */; };
/* End PBXBuildFile section */

/* Begin PBXContainerItemProxy section */
		BF6B25EF249DB03F0076B069 /* PBXContainerItemProxy */ = {
			isa = PBXContainerItemProxy;
			containerPortal = BF6B25EB249DB03E0076B069 /* LNPopupController.xcodeproj */;
			proxyType = 2;
			remoteGlobalIDString = 39DB52E51B5823330061C589;
			remoteInfo = LNPopupController;
		};
/* End PBXContainerItemProxy section */

/* Begin PBXCopyFilesBuildPhase section */
		BFE9C383246FB0C6005686BC /* Embed Frameworks */ = {
			isa = PBXCopyFilesBuildPhase;
			buildActionMask = 2147483647;
			dstPath = "";
			dstSubfolderSpec = 10;
			files = (
				BF6B25F2249DB04B0076B069 /* LNPopupController.framework in Embed Frameworks */,
			);
			name = "Embed Frameworks";
			runOnlyForDeploymentPostprocessing = 0;
		};
/* End PBXCopyFilesBuildPhase section */

/* Begin PBXFileReference section */
		13C6D340510EE41201C5F875 /* Pods-Hooked.release.xcconfig */ = {isa = PBXFileReference; includeInIndex = 1; lastKnownFileType = text.xcconfig; name = "Pods-Hooked.release.xcconfig"; path = "Target Support Files/Pods-Hooked/Pods-Hooked.release.xcconfig"; sourceTree = "<group>"; };
		9DD71C81897F3D50155825E2 /* Pods_Hooked.framework */ = {isa = PBXFileReference; explicitFileType = wrapper.framework; includeInIndex = 0; path = Pods_Hooked.framework; sourceTree = BUILT_PRODUCTS_DIR; };
		BF04F429254F2DD800DFC625 /* UploadTableViewController + Extension.swift */ = {isa = PBXFileReference; lastKnownFileType = sourcecode.swift; path = "UploadTableViewController + Extension.swift"; sourceTree = "<group>"; };
		BF186A7B259A946500C38121 /* EditUploadTableViewController.swift */ = {isa = PBXFileReference; lastKnownFileType = sourcecode.swift; path = EditUploadTableViewController.swift; sourceTree = "<group>"; };
		BF186A7E259A95EA00C38121 /* EditUploadTableViewController + Extension.swift */ = {isa = PBXFileReference; lastKnownFileType = sourcecode.swift; path = "EditUploadTableViewController + Extension.swift"; sourceTree = "<group>"; };
		BF25D3A32557927B00D9098F /* Preferences.swift */ = {isa = PBXFileReference; lastKnownFileType = sourcecode.swift; path = Preferences.swift; sourceTree = "<group>"; };
		BF25D3A525579FDD00D9098F /* PreferencesAPI.swift */ = {isa = PBXFileReference; lastKnownFileType = sourcecode.swift; path = PreferencesAPI.swift; sourceTree = "<group>"; };
		BF4219B2259DA9F100A139F5 /* DemoMusicPlayerController + ExtensionPreview.swift */ = {isa = PBXFileReference; lastKnownFileType = sourcecode.swift; path = "DemoMusicPlayerController + ExtensionPreview.swift"; sourceTree = "<group>"; };
		BF53328025AD762C00553680 /* AudioRadarViewController + ExtensionTest.swift */ = {isa = PBXFileReference; lastKnownFileType = sourcecode.swift; path = "AudioRadarViewController + ExtensionTest.swift"; sourceTree = "<group>"; };
		BF5ADFDE25950E0500C05B6C /* UserProfileViewController + Extension.swift */ = {isa = PBXFileReference; lastKnownFileType = sourcecode.swift; path = "UserProfileViewController + Extension.swift"; sourceTree = "<group>"; };
		BF633AE524CFE78100B2BCB1 /* AudioCard.xib */ = {isa = PBXFileReference; fileEncoding = 4; lastKnownFileType = file.xib; name = AudioCard.xib; path = Hooked/AudioCard.xib; sourceTree = SOURCE_ROOT; };
		BF633AE824D139CD00B2BCB1 /* LikesTableViewController.swift */ = {isa = PBXFileReference; lastKnownFileType = sourcecode.swift; name = LikesTableViewController.swift; path = "../New Group2/LikesTableViewController.swift"; sourceTree = "<group>"; };
		BF633AEA24D2500900B2BCB1 /* LikesAudioTableViewCell.swift */ = {isa = PBXFileReference; lastKnownFileType = sourcecode.swift; path = LikesAudioTableViewCell.swift; sourceTree = "<group>"; };
		BF633AEC24DF431300B2BCB1 /* AudioRadarViewController + Extension.swift */ = {isa = PBXFileReference; lastKnownFileType = sourcecode.swift; path = "AudioRadarViewController + Extension.swift"; sourceTree = "<group>"; };
		BF68912B246665DA00690BDF /* UploadTableViewController.swift */ = {isa = PBXFileReference; lastKnownFileType = sourcecode.swift; path = UploadTableViewController.swift; sourceTree = "<group>"; };
		BF68912D246668E600690BDF /* AudioAPI.swift */ = {isa = PBXFileReference; lastKnownFileType = sourcecode.swift; path = AudioAPI.swift; sourceTree = "<group>"; };
		BF68912F24666A0B00690BDF /* Audio.swift */ = {isa = PBXFileReference; lastKnownFileType = sourcecode.swift; path = Audio.swift; sourceTree = "<group>"; };
		BF6B25DE2478C6680076B069 /* DemoMusicPlayerController+Extension.swift */ = {isa = PBXFileReference; lastKnownFileType = sourcecode.swift; path = "DemoMusicPlayerController+Extension.swift"; sourceTree = "<group>"; };
		BF6B25EB249DB03E0076B069 /* LNPopupController.xcodeproj */ = {isa = PBXFileReference; lastKnownFileType = "wrapper.pb-project"; name = LNPopupController.xcodeproj; path = "../LNPopupController-master/LNPopupController/LNPopupController.xcodeproj"; sourceTree = "<group>"; };
		BF78D5492559DEA400D0F9A5 /* AudioRadarViewController + Card Extension.swift */ = {isa = PBXFileReference; lastKnownFileType = sourcecode.swift; path = "AudioRadarViewController + Card Extension.swift"; sourceTree = "<group>"; };
		BF82D24D242FF4ED00C90CDA /* DetailViewController.swift */ = {isa = PBXFileReference; lastKnownFileType = sourcecode.swift; path = DetailViewController.swift; sourceTree = "<group>"; };
		BF92B16E258D3F5C00A1E15E /* PopUpWindow.swift */ = {isa = PBXFileReference; lastKnownFileType = sourcecode.swift; path = PopUpWindow.swift; sourceTree = "<group>"; };
		BF9C636C240A160100DA740D /* Hooked.app */ = {isa = PBXFileReference; explicitFileType = wrapper.application; includeInIndex = 0; path = Hooked.app; sourceTree = BUILT_PRODUCTS_DIR; };
		BF9C636F240A160100DA740D /* AppDelegate.swift */ = {isa = PBXFileReference; lastKnownFileType = sourcecode.swift; path = AppDelegate.swift; sourceTree = "<group>"; };
		BF9C6371240A160100DA740D /* SceneDelegate.swift */ = {isa = PBXFileReference; lastKnownFileType = sourcecode.swift; path = SceneDelegate.swift; sourceTree = "<group>"; };
		BF9C6373240A160100DA740D /* ViewController.swift */ = {isa = PBXFileReference; lastKnownFileType = sourcecode.swift; path = ViewController.swift; sourceTree = "<group>"; };
		BF9C6376240A160100DA740D /* Base */ = {isa = PBXFileReference; lastKnownFileType = file.storyboard; name = Base; path = Base.lproj/Main.storyboard; sourceTree = "<group>"; };
		BF9C6379240A160100DA740D /* Hooked.xcdatamodel */ = {isa = PBXFileReference; lastKnownFileType = wrapper.xcdatamodel; path = Hooked.xcdatamodel; sourceTree = "<group>"; };
		BF9C637B240A160200DA740D /* Assets.xcassets */ = {isa = PBXFileReference; lastKnownFileType = folder.assetcatalog; path = Assets.xcassets; sourceTree = "<group>"; };
		BF9C637E240A160200DA740D /* Base */ = {isa = PBXFileReference; lastKnownFileType = file.storyboard; name = Base; path = Base.lproj/LaunchScreen.storyboard; sourceTree = "<group>"; };
		BF9C6380240A160200DA740D /* Info.plist */ = {isa = PBXFileReference; lastKnownFileType = text.plist.xml; path = Info.plist; sourceTree = "<group>"; };
		BF9C6386240AD8C300DA740D /* ViewController+UI.swift */ = {isa = PBXFileReference; lastKnownFileType = sourcecode.swift; path = "ViewController+UI.swift"; sourceTree = "<group>"; };
		BF9C6388240AE08300DA740D /* SignUpViewController.swift */ = {isa = PBXFileReference; lastKnownFileType = sourcecode.swift; path = SignUpViewController.swift; sourceTree = "<group>"; };
		BF9C638A240AE9C000DA740D /* SignUpViewController+UI.swift */ = {isa = PBXFileReference; lastKnownFileType = sourcecode.swift; path = "SignUpViewController+UI.swift"; sourceTree = "<group>"; };
		BF9C638C240AF57F00DA740D /* SignInViewController.swift */ = {isa = PBXFileReference; lastKnownFileType = sourcecode.swift; path = SignInViewController.swift; sourceTree = "<group>"; };
		BF9C638E240AF59200DA740D /* SignInViewController+UI.swift */ = {isa = PBXFileReference; lastKnownFileType = sourcecode.swift; path = "SignInViewController+UI.swift"; sourceTree = "<group>"; };
		BF9C6390240AFA9600DA740D /* ForgotPasswordViewController.swift */ = {isa = PBXFileReference; lastKnownFileType = sourcecode.swift; path = ForgotPasswordViewController.swift; sourceTree = "<group>"; };
		BF9C6392240AFAAE00DA740D /* ForgotPasswordViewController+UI.swift */ = {isa = PBXFileReference; lastKnownFileType = sourcecode.swift; path = "ForgotPasswordViewController+UI.swift"; sourceTree = "<group>"; };
		BF9C6394240C3A5600DA740D /* GoogleService-Info.plist */ = {isa = PBXFileReference; fileEncoding = 4; lastKnownFileType = text.plist.xml; path = "GoogleService-Info.plist"; sourceTree = "<group>"; };
		BF9C6396241351D000DA740D /* Api.swift */ = {isa = PBXFileReference; lastKnownFileType = sourcecode.swift; path = Api.swift; sourceTree = "<group>"; };
		BF9C63982413522D00DA740D /* UserApi.swift */ = {isa = PBXFileReference; lastKnownFileType = sourcecode.swift; path = UserApi.swift; sourceTree = "<group>"; };
		BF9C639A241361AE00DA740D /* StorageService.swift */ = {isa = PBXFileReference; lastKnownFileType = sourcecode.swift; path = StorageService.swift; sourceTree = "<group>"; };
		BF9C639C2413674300DA740D /* Ref.swift */ = {isa = PBXFileReference; lastKnownFileType = sourcecode.swift; path = Ref.swift; sourceTree = "<group>"; };
		BF9C63A4241493D900DA740D /* User.swift */ = {isa = PBXFileReference; lastKnownFileType = sourcecode.swift; path = User.swift; sourceTree = "<group>"; };
		BF9C63A62414A09A00DA740D /* Extension.swift */ = {isa = PBXFileReference; lastKnownFileType = sourcecode.swift; path = Extension.swift; sourceTree = "<group>"; };
		BF9C63A82426A7C200DA740D /* ProfileTableViewController.swift */ = {isa = PBXFileReference; lastKnownFileType = sourcecode.swift; path = ProfileTableViewController.swift; sourceTree = "<group>"; };
		BFC9EF5324AC30AD004FFF1E /* AudioRadarViewController.swift */ = {isa = PBXFileReference; lastKnownFileType = sourcecode.swift; name = AudioRadarViewController.swift; path = "../New Group/AudioRadarViewController.swift"; sourceTree = "<group>"; };
		BFC9EF5524AC3403004FFF1E /* AudioCard.swift */ = {isa = PBXFileReference; lastKnownFileType = sourcecode.swift; path = AudioCard.swift; sourceTree = "<group>"; };
		BFE9C373246B9ED1005686BC /* UserProfileViewController.swift */ = {isa = PBXFileReference; lastKnownFileType = sourcecode.swift; path = UserProfileViewController.swift; sourceTree = "<group>"; };
		BFE9C375246E202D005686BC /* AudioTableViewCell.swift */ = {isa = PBXFileReference; lastKnownFileType = sourcecode.swift; path = AudioTableViewCell.swift; sourceTree = "<group>"; };
		BFE9C38E246FC791005686BC /* DemoMusicPlayerController.swift */ = {isa = PBXFileReference; lastKnownFileType = sourcecode.swift; name = DemoMusicPlayerController.swift; path = "../New Group1/DemoMusicPlayerController.swift"; sourceTree = "<group>"; };
		BFF1C3C92449546800E99A46 /* PreferenceTableViewController.swift */ = {isa = PBXFileReference; lastKnownFileType = sourcecode.swift; path = PreferenceTableViewController.swift; sourceTree = "<group>"; };
		BFF1C3CD244CBE4C00E99A46 /* Likes.swift */ = {isa = PBXFileReference; lastKnownFileType = sourcecode.swift; path = Likes.swift; sourceTree = "<group>"; };
		BFF276AE2432FB1000E66930 /* Card.xib */ = {isa = PBXFileReference; lastKnownFileType = file.xib; path = Card.xib; sourceTree = "<group>"; };
		E88589A9934CCDF3B799082E /* Pods-Hooked.debug.xcconfig */ = {isa = PBXFileReference; includeInIndex = 1; lastKnownFileType = text.xcconfig; name = "Pods-Hooked.debug.xcconfig"; path = "Target Support Files/Pods-Hooked/Pods-Hooked.debug.xcconfig"; sourceTree = "<group>"; };
/* End PBXFileReference section */

/* Begin PBXFrameworksBuildPhase section */
		BF9C6369240A160100DA740D /* Frameworks */ = {
			isa = PBXFrameworksBuildPhase;
			buildActionMask = 2147483647;
			files = (
				BF6B25F1249DB04B0076B069 /* LNPopupController.framework in Frameworks */,
				DCA2712F463D269657B12A1C /* Pods_Hooked.framework in Frameworks */,
			);
			runOnlyForDeploymentPostprocessing = 0;
		};
/* End PBXFrameworksBuildPhase section */

/* Begin PBXGroup section */
		BF186A80259A964400C38121 /* Audio Radar */ = {
			isa = PBXGroup;
			children = (
				BFC9EF5324AC30AD004FFF1E /* AudioRadarViewController.swift */,
				BF53328025AD762C00553680 /* AudioRadarViewController + ExtensionTest.swift */,
				BF78D5492559DEA400D0F9A5 /* AudioRadarViewController + Card Extension.swift */,
			);
			path = "Audio Radar";
			sourceTree = "<group>";
		};
		BF186A81259A967A00C38121 /* Upload Audio */ = {
			isa = PBXGroup;
			children = (
				BF68912B246665DA00690BDF /* UploadTableViewController.swift */,
				BF04F429254F2DD800DFC625 /* UploadTableViewController + Extension.swift */,
				BF186A7B259A946500C38121 /* EditUploadTableViewController.swift */,
				BF186A7E259A95EA00C38121 /* EditUploadTableViewController + Extension.swift */,
			);
			path = "Upload Audio";
			sourceTree = "<group>";
		};
		BF186A82259A96BC00C38121 /* Home */ = {
			isa = PBXGroup;
			children = (
				BF9C638C240AF57F00DA740D /* SignInViewController.swift */,
				BF9C638E240AF59200DA740D /* SignInViewController+UI.swift */,
				BF9C6388240AE08300DA740D /* SignUpViewController.swift */,
				BF9C638A240AE9C000DA740D /* SignUpViewController+UI.swift */,
				BF9C6373240A160100DA740D /* ViewController.swift */,
				BF9C6386240AD8C300DA740D /* ViewController+UI.swift */,
				BF9C6390240AFA9600DA740D /* ForgotPasswordViewController.swift */,
				BF9C6392240AFAAE00DA740D /* ForgotPasswordViewController+UI.swift */,
			);
			path = Home;
			sourceTree = "<group>";
		};
		BF186A83259A96FD00C38121 /* Profile */ = {
			isa = PBXGroup;
			children = (
				BF82D24D242FF4ED00C90CDA /* DetailViewController.swift */,
				BF92B16E258D3F5C00A1E15E /* PopUpWindow.swift */,
				BF9C63A82426A7C200DA740D /* ProfileTableViewController.swift */,
				BFF1C3C92449546800E99A46 /* PreferenceTableViewController.swift */,
				BFE9C373246B9ED1005686BC /* UserProfileViewController.swift */,
				BF5ADFDE25950E0500C05B6C /* UserProfileViewController + Extension.swift */,
			);
			path = Profile;
			sourceTree = "<group>";
		};
		BF186A84259AB72000C38121 /* Demo Player */ = {
			isa = PBXGroup;
			children = (
				BFE9C38E246FC791005686BC /* DemoMusicPlayerController.swift */,
				BF6B25DE2478C6680076B069 /* DemoMusicPlayerController+Extension.swift */,
				BF4219B2259DA9F100A139F5 /* DemoMusicPlayerController + ExtensionPreview.swift */,
			);
			path = "Demo Player";
			sourceTree = "<group>";
		};
		BF186A85259AB74100C38121 /* Likes */ = {
			isa = PBXGroup;
			children = (
				BF633AE824D139CD00B2BCB1 /* LikesTableViewController.swift */,
			);
			path = Likes;
			sourceTree = "<group>";
		};
		BF6B25EC249DB03E0076B069 /* Products */ = {
			isa = PBXGroup;
			children = (
				BF6B25F0249DB03F0076B069 /* LNPopupController.framework */,
			);
			name = Products;
			sourceTree = "<group>";
		};
		BF9C6363240A160100DA740D = {
			isa = PBXGroup;
			children = (
				BF6B25EB249DB03E0076B069 /* LNPopupController.xcodeproj */,
				BF9C636E240A160100DA740D /* Hooked */,
				BF9C636D240A160100DA740D /* Products */,
				DDE3FC04C314C6E6311349FC /* Pods */,
				D109F25AE9049364AEF36072 /* Frameworks */,
			);
			sourceTree = "<group>";
		};
		BF9C636D240A160100DA740D /* Products */ = {
			isa = PBXGroup;
			children = (
				BF9C636C240A160100DA740D /* Hooked.app */,
			);
			name = Products;
			sourceTree = "<group>";
		};
		BF9C636E240A160100DA740D /* Hooked */ = {
			isa = PBXGroup;
			children = (
				BFA3AE3425B155E500710359 /* Old References */,
				BF9C636F240A160100DA740D /* AppDelegate.swift */,
				BF9C6371240A160100DA740D /* SceneDelegate.swift */,
				BF9C6375240A160100DA740D /* Main.storyboard */,
				BFDE1373243AB288001456FD /* API */,
				BFDE1374243AB2BD001456FD /* Cells */,
				BFDE1372243AB1A8001456FD /* Controller */,
				BF633AE524CFE78100B2BCB1 /* AudioCard.xib */,
				BFF276AE2432FB1000E66930 /* Card.xib */,
				BF9C637B240A160200DA740D /* Assets.xcassets */,
				BF9C637D240A160200DA740D /* LaunchScreen.storyboard */,
				BF9C6394240C3A5600DA740D /* GoogleService-Info.plist */,
				BF9C6380240A160200DA740D /* Info.plist */,
				BF9C6378240A160100DA740D /* Hooked.xcdatamodeld */,
			);
			path = Hooked;
			sourceTree = "<group>";
		};
		BFA3AE3425B155E500710359 /* Old References */ = {
			isa = PBXGroup;
			children = (
				BF633AEC24DF431300B2BCB1 /* AudioRadarViewController + Extension.swift */,
			);
			path = "Old References";
			sourceTree = "<group>";
		};
		BFDE1372243AB1A8001456FD /* Controller */ = {
			isa = PBXGroup;
			children = (
				BF186A82259A96BC00C38121 /* Home */,
				BF186A80259A964400C38121 /* Audio Radar */,
				BF186A84259AB72000C38121 /* Demo Player */,
				BF186A85259AB74100C38121 /* Likes */,
				BF186A83259A96FD00C38121 /* Profile */,
				BF186A81259A967A00C38121 /* Upload Audio */,
			);
			path = Controller;
			sourceTree = "<group>";
		};
		BFDE1373243AB288001456FD /* API */ = {
			isa = PBXGroup;
			children = (
				BF9C6396241351D000DA740D /* Api.swift */,
				BF68912F24666A0B00690BDF /* Audio.swift */,
				BF68912D246668E600690BDF /* AudioAPI.swift */,
				BF25D3A32557927B00D9098F /* Preferences.swift */,
				BF25D3A525579FDD00D9098F /* PreferencesAPI.swift */,
				BF9C63A4241493D900DA740D /* User.swift */,
				BF9C63982413522D00DA740D /* UserApi.swift */,
				BF9C63A62414A09A00DA740D /* Extension.swift */,
				BFF1C3CD244CBE4C00E99A46 /* Likes.swift */,
				BF9C639A241361AE00DA740D /* StorageService.swift */,
				BF9C639C2413674300DA740D /* Ref.swift */,
			);
			path = API;
			sourceTree = "<group>";
		};
		BFDE1374243AB2BD001456FD /* Cells */ = {
			isa = PBXGroup;
			children = (
				BFC9EF5524AC3403004FFF1E /* AudioCard.swift */,
				BFE9C375246E202D005686BC /* AudioTableViewCell.swift */,
				BF633AEA24D2500900B2BCB1 /* LikesAudioTableViewCell.swift */,
			);
			path = Cells;
			sourceTree = "<group>";
		};
		D109F25AE9049364AEF36072 /* Frameworks */ = {
			isa = PBXGroup;
			children = (
				9DD71C81897F3D50155825E2 /* Pods_Hooked.framework */,
			);
			name = Frameworks;
			sourceTree = "<group>";
		};
		DDE3FC04C314C6E6311349FC /* Pods */ = {
			isa = PBXGroup;
			children = (
				E88589A9934CCDF3B799082E /* Pods-Hooked.debug.xcconfig */,
				13C6D340510EE41201C5F875 /* Pods-Hooked.release.xcconfig */,
			);
			path = Pods;
			sourceTree = "<group>";
		};
/* End PBXGroup section */

/* Begin PBXNativeTarget section */
		BF9C636B240A160100DA740D /* Hooked */ = {
			isa = PBXNativeTarget;
			buildConfigurationList = BF9C6383240A160200DA740D /* Build configuration list for PBXNativeTarget "Hooked" */;
			buildPhases = (
				440D58CB0ADECCB9AAAC481C /* [CP] Check Pods Manifest.lock */,
				BF9C6368240A160100DA740D /* Sources */,
				BF9C6369240A160100DA740D /* Frameworks */,
				BF9C636A240A160100DA740D /* Resources */,
				BFE9C383246FB0C6005686BC /* Embed Frameworks */,
				9CED15C8FBE85FD4598D4850 /* [CP] Embed Pods Frameworks */,
			);
			buildRules = (
			);
			dependencies = (
			);
			name = Hooked;
			productName = Hooked;
			productReference = BF9C636C240A160100DA740D /* Hooked.app */;
			productType = "com.apple.product-type.application";
		};
/* End PBXNativeTarget section */

/* Begin PBXProject section */
		BF9C6364240A160100DA740D /* Project object */ = {
			isa = PBXProject;
			attributes = {
				LastSwiftUpdateCheck = 1130;
				LastUpgradeCheck = 1130;
				ORGANIZATIONNAME = "Michael Roundcount";
				TargetAttributes = {
					BF9C636B240A160100DA740D = {
						CreatedOnToolsVersion = 11.3.1;
						LastSwiftMigration = 1130;
					};
				};
			};
			buildConfigurationList = BF9C6367240A160100DA740D /* Build configuration list for PBXProject "Hooked" */;
			compatibilityVersion = "Xcode 9.3";
			developmentRegion = en;
			hasScannedForEncodings = 0;
			knownRegions = (
				en,
				Base,
			);
			mainGroup = BF9C6363240A160100DA740D;
			productRefGroup = BF9C636D240A160100DA740D /* Products */;
			projectDirPath = "";
			projectReferences = (
				{
					ProductGroup = BF6B25EC249DB03E0076B069 /* Products */;
					ProjectRef = BF6B25EB249DB03E0076B069 /* LNPopupController.xcodeproj */;
				},
			);
			projectRoot = "";
			targets = (
				BF9C636B240A160100DA740D /* Hooked */,
			);
		};
/* End PBXProject section */

/* Begin PBXReferenceProxy section */
		BF6B25F0249DB03F0076B069 /* LNPopupController.framework */ = {
			isa = PBXReferenceProxy;
			fileType = wrapper.framework;
			path = LNPopupController.framework;
			remoteRef = BF6B25EF249DB03F0076B069 /* PBXContainerItemProxy */;
			sourceTree = BUILT_PRODUCTS_DIR;
		};
/* End PBXReferenceProxy section */

/* Begin PBXResourcesBuildPhase section */
		BF9C636A240A160100DA740D /* Resources */ = {
			isa = PBXResourcesBuildPhase;
			buildActionMask = 2147483647;
			files = (
				BF9C637F240A160200DA740D /* LaunchScreen.storyboard in Resources */,
				BFF276AF2432FB1000E66930 /* Card.xib in Resources */,
				BF9C6395240C3A5600DA740D /* GoogleService-Info.plist in Resources */,
				BF9C637C240A160200DA740D /* Assets.xcassets in Resources */,
				BF633AE724CFE78200B2BCB1 /* AudioCard.xib in Resources */,
				BF9C6377240A160100DA740D /* Main.storyboard in Resources */,
			);
			runOnlyForDeploymentPostprocessing = 0;
		};
/* End PBXResourcesBuildPhase section */

/* Begin PBXShellScriptBuildPhase section */
		440D58CB0ADECCB9AAAC481C /* [CP] Check Pods Manifest.lock */ = {
			isa = PBXShellScriptBuildPhase;
			buildActionMask = 2147483647;
			files = (
			);
			inputFileListPaths = (
			);
			inputPaths = (
				"${PODS_PODFILE_DIR_PATH}/Podfile.lock",
				"${PODS_ROOT}/Manifest.lock",
			);
			name = "[CP] Check Pods Manifest.lock";
			outputFileListPaths = (
			);
			outputPaths = (
				"$(DERIVED_FILE_DIR)/Pods-Hooked-checkManifestLockResult.txt",
			);
			runOnlyForDeploymentPostprocessing = 0;
			shellPath = /bin/sh;
			shellScript = "diff \"${PODS_PODFILE_DIR_PATH}/Podfile.lock\" \"${PODS_ROOT}/Manifest.lock\" > /dev/null\nif [ $? != 0 ] ; then\n    # print error to STDERR\n    echo \"error: The sandbox is not in sync with the Podfile.lock. Run 'pod install' or update your CocoaPods installation.\" >&2\n    exit 1\nfi\n# This output is used by Xcode 'outputs' to avoid re-running this script phase.\necho \"SUCCESS\" > \"${SCRIPT_OUTPUT_FILE_0}\"\n";
			showEnvVarsInLog = 0;
		};
		9CED15C8FBE85FD4598D4850 /* [CP] Embed Pods Frameworks */ = {
			isa = PBXShellScriptBuildPhase;
			buildActionMask = 2147483647;
			files = (
			);
			inputFileListPaths = (
				"${PODS_ROOT}/Target Support Files/Pods-Hooked/Pods-Hooked-frameworks-${CONFIGURATION}-input-files.xcfilelist",
			);
			name = "[CP] Embed Pods Frameworks";
			outputFileListPaths = (
				"${PODS_ROOT}/Target Support Files/Pods-Hooked/Pods-Hooked-frameworks-${CONFIGURATION}-output-files.xcfilelist",
			);
			runOnlyForDeploymentPostprocessing = 0;
			shellPath = /bin/sh;
			shellScript = "\"${PODS_ROOT}/Target Support Files/Pods-Hooked/Pods-Hooked-frameworks.sh\"\n";
			showEnvVarsInLog = 0;
		};
/* End PBXShellScriptBuildPhase section */

/* Begin PBXSourcesBuildPhase section */
		BF9C6368240A160100DA740D /* Sources */ = {
			isa = PBXSourcesBuildPhase;
			buildActionMask = 2147483647;
			files = (
				BF68913024666A0B00690BDF /* Audio.swift in Sources */,
				BF68912E246668E600690BDF /* AudioAPI.swift in Sources */,
				BF9C63A92426A7C200DA740D /* ProfileTableViewController.swift in Sources */,
				BF9C638F240AF59200DA740D /* SignInViewController+UI.swift in Sources */,
				BF4219B3259DA9F100A139F5 /* DemoMusicPlayerController + ExtensionPreview.swift in Sources */,
				BF9C6389240AE08300DA740D /* SignUpViewController.swift in Sources */,
				BF04F42A254F2DD800DFC625 /* UploadTableViewController + Extension.swift in Sources */,
				BF9C6374240A160100DA740D /* ViewController.swift in Sources */,
				BF186A7F259A95EA00C38121 /* EditUploadTableViewController + Extension.swift in Sources */,
				BF9C638B240AE9C000DA740D /* SignUpViewController+UI.swift in Sources */,
				BF25D3A625579FDD00D9098F /* PreferencesAPI.swift in Sources */,
				BFE9C374246B9ED1005686BC /* UserProfileViewController.swift in Sources */,
				BFF1C3CE244CBE4C00E99A46 /* Likes.swift in Sources */,
				BF9C637A240A160100DA740D /* Hooked.xcdatamodeld in Sources */,
				BF92B16F258D3F5C00A1E15E /* PopUpWindow.swift in Sources */,
				BFC9EF5624AC3403004FFF1E /* AudioCard.swift in Sources */,
				BFE9C376246E202D005686BC /* AudioTableViewCell.swift in Sources */,
				BF9C638D240AF57F00DA740D /* SignInViewController.swift in Sources */,
				BF186A7C259A946500C38121 /* EditUploadTableViewController.swift in Sources */,
				BF9C6397241351D000DA740D /* Api.swift in Sources */,
				BF9C6391240AFA9600DA740D /* ForgotPasswordViewController.swift in Sources */,
				BF53328125AD762C00553680 /* AudioRadarViewController + ExtensionTest.swift in Sources */,
				BF68912C246665DA00690BDF /* UploadTableViewController.swift in Sources */,
				BF9C6370240A160100DA740D /* AppDelegate.swift in Sources */,
				BF82D24E242FF4ED00C90CDA /* DetailViewController.swift in Sources */,
				BF9C6393240AFAAE00DA740D /* ForgotPasswordViewController+UI.swift in Sources */,
				BF78D54A2559DEA400D0F9A5 /* AudioRadarViewController + Card Extension.swift in Sources */,
				BF6B25DF2478C6690076B069 /* DemoMusicPlayerController+Extension.swift in Sources */,
				BF9C6387240AD8C300DA740D /* ViewController+UI.swift in Sources */,
				BF9C63992413522D00DA740D /* UserApi.swift in Sources */,
				BF25D3A42557927B00D9098F /* Preferences.swift in Sources */,
				BF9C63A72414A09A00DA740D /* Extension.swift in Sources */,
				BF633AEB24D2500900B2BCB1 /* LikesAudioTableViewCell.swift in Sources */,
				BF9C6372240A160100DA740D /* SceneDelegate.swift in Sources */,
				BFE9C38F246FC791005686BC /* DemoMusicPlayerController.swift in Sources */,
				BF5ADFDF25950E0500C05B6C /* UserProfileViewController + Extension.swift in Sources */,
				BF9C639B241361AE00DA740D /* StorageService.swift in Sources */,
				BF9C639D2413674300DA740D /* Ref.swift in Sources */,
				BF9C63A5241493D900DA740D /* User.swift in Sources */,
				BF633AE924D139CD00B2BCB1 /* LikesTableViewController.swift in Sources */,
				BFF1C3CA2449546800E99A46 /* PreferenceTableViewController.swift in Sources */,
				BF633AED24DF431400B2BCB1 /* AudioRadarViewController + Extension.swift in Sources */,
				BFC9EF5424AC30AD004FFF1E /* AudioRadarViewController.swift in Sources */,
			);
			runOnlyForDeploymentPostprocessing = 0;
		};
/* End PBXSourcesBuildPhase section */

/* Begin PBXVariantGroup section */
		BF9C6375240A160100DA740D /* Main.storyboard */ = {
			isa = PBXVariantGroup;
			children = (
				BF9C6376240A160100DA740D /* Base */,
			);
			name = Main.storyboard;
			sourceTree = "<group>";
		};
		BF9C637D240A160200DA740D /* LaunchScreen.storyboard */ = {
			isa = PBXVariantGroup;
			children = (
				BF9C637E240A160200DA740D /* Base */,
			);
			name = LaunchScreen.storyboard;
			sourceTree = "<group>";
		};
/* End PBXVariantGroup section */

/* Begin XCBuildConfiguration section */
		BF9C6381240A160200DA740D /* Debug */ = {
			isa = XCBuildConfiguration;
			buildSettings = {
				ALWAYS_SEARCH_USER_PATHS = NO;
				CLANG_ANALYZER_NONNULL = YES;
				CLANG_ANALYZER_NUMBER_OBJECT_CONVERSION = YES_AGGRESSIVE;
				CLANG_CXX_LANGUAGE_STANDARD = "gnu++14";
				CLANG_CXX_LIBRARY = "libc++";
				CLANG_ENABLE_MODULES = YES;
				CLANG_ENABLE_OBJC_ARC = YES;
				CLANG_ENABLE_OBJC_WEAK = YES;
				CLANG_WARN_BLOCK_CAPTURE_AUTORELEASING = YES;
				CLANG_WARN_BOOL_CONVERSION = YES;
				CLANG_WARN_COMMA = YES;
				CLANG_WARN_CONSTANT_CONVERSION = YES;
				CLANG_WARN_DEPRECATED_OBJC_IMPLEMENTATIONS = YES;
				CLANG_WARN_DIRECT_OBJC_ISA_USAGE = YES_ERROR;
				CLANG_WARN_DOCUMENTATION_COMMENTS = YES;
				CLANG_WARN_EMPTY_BODY = YES;
				CLANG_WARN_ENUM_CONVERSION = YES;
				CLANG_WARN_INFINITE_RECURSION = YES;
				CLANG_WARN_INT_CONVERSION = YES;
				CLANG_WARN_NON_LITERAL_NULL_CONVERSION = YES;
				CLANG_WARN_OBJC_IMPLICIT_RETAIN_SELF = YES;
				CLANG_WARN_OBJC_LITERAL_CONVERSION = YES;
				CLANG_WARN_OBJC_ROOT_CLASS = YES_ERROR;
				CLANG_WARN_RANGE_LOOP_ANALYSIS = YES;
				CLANG_WARN_STRICT_PROTOTYPES = YES;
				CLANG_WARN_SUSPICIOUS_MOVE = YES;
				CLANG_WARN_UNGUARDED_AVAILABILITY = YES_AGGRESSIVE;
				CLANG_WARN_UNREACHABLE_CODE = YES;
				CLANG_WARN__DUPLICATE_METHOD_MATCH = YES;
				COPY_PHASE_STRIP = NO;
				DEBUG_INFORMATION_FORMAT = dwarf;
				ENABLE_STRICT_OBJC_MSGSEND = YES;
				ENABLE_TESTABILITY = YES;
				GCC_C_LANGUAGE_STANDARD = gnu11;
				GCC_DYNAMIC_NO_PIC = NO;
				GCC_NO_COMMON_BLOCKS = NO;
				GCC_OPTIMIZATION_LEVEL = 0;
				GCC_PREPROCESSOR_DEFINITIONS = (
					"DEBUG=1",
					"$(inherited)",
				);
				GCC_WARN_64_TO_32_BIT_CONVERSION = YES;
				GCC_WARN_ABOUT_RETURN_TYPE = YES_ERROR;
				GCC_WARN_UNDECLARED_SELECTOR = YES;
				GCC_WARN_UNINITIALIZED_AUTOS = YES_AGGRESSIVE;
				GCC_WARN_UNUSED_FUNCTION = YES;
				GCC_WARN_UNUSED_VARIABLE = YES;
				IPHONEOS_DEPLOYMENT_TARGET = 13.2;
				MTL_ENABLE_DEBUG_INFO = INCLUDE_SOURCE;
				MTL_FAST_MATH = YES;
				ONLY_ACTIVE_ARCH = YES;
				OTHER_LIBTOOLFLAGS = "";
				SDKROOT = iphoneos;
				SWIFT_ACTIVE_COMPILATION_CONDITIONS = DEBUG;
				SWIFT_OPTIMIZATION_LEVEL = "-Onone";
			};
			name = Debug;
		};
		BF9C6382240A160200DA740D /* Release */ = {
			isa = XCBuildConfiguration;
			buildSettings = {
				ALWAYS_SEARCH_USER_PATHS = NO;
				CLANG_ANALYZER_NONNULL = YES;
				CLANG_ANALYZER_NUMBER_OBJECT_CONVERSION = YES_AGGRESSIVE;
				CLANG_CXX_LANGUAGE_STANDARD = "gnu++14";
				CLANG_CXX_LIBRARY = "libc++";
				CLANG_ENABLE_MODULES = YES;
				CLANG_ENABLE_OBJC_ARC = YES;
				CLANG_ENABLE_OBJC_WEAK = YES;
				CLANG_WARN_BLOCK_CAPTURE_AUTORELEASING = YES;
				CLANG_WARN_BOOL_CONVERSION = YES;
				CLANG_WARN_COMMA = YES;
				CLANG_WARN_CONSTANT_CONVERSION = YES;
				CLANG_WARN_DEPRECATED_OBJC_IMPLEMENTATIONS = YES;
				CLANG_WARN_DIRECT_OBJC_ISA_USAGE = YES_ERROR;
				CLANG_WARN_DOCUMENTATION_COMMENTS = YES;
				CLANG_WARN_EMPTY_BODY = YES;
				CLANG_WARN_ENUM_CONVERSION = YES;
				CLANG_WARN_INFINITE_RECURSION = YES;
				CLANG_WARN_INT_CONVERSION = YES;
				CLANG_WARN_NON_LITERAL_NULL_CONVERSION = YES;
				CLANG_WARN_OBJC_IMPLICIT_RETAIN_SELF = YES;
				CLANG_WARN_OBJC_LITERAL_CONVERSION = YES;
				CLANG_WARN_OBJC_ROOT_CLASS = YES_ERROR;
				CLANG_WARN_RANGE_LOOP_ANALYSIS = YES;
				CLANG_WARN_STRICT_PROTOTYPES = YES;
				CLANG_WARN_SUSPICIOUS_MOVE = YES;
				CLANG_WARN_UNGUARDED_AVAILABILITY = YES_AGGRESSIVE;
				CLANG_WARN_UNREACHABLE_CODE = YES;
				CLANG_WARN__DUPLICATE_METHOD_MATCH = YES;
				COPY_PHASE_STRIP = NO;
				DEBUG_INFORMATION_FORMAT = "dwarf-with-dsym";
				ENABLE_NS_ASSERTIONS = NO;
				ENABLE_STRICT_OBJC_MSGSEND = YES;
				GCC_C_LANGUAGE_STANDARD = gnu11;
				GCC_NO_COMMON_BLOCKS = NO;
				GCC_WARN_64_TO_32_BIT_CONVERSION = YES;
				GCC_WARN_ABOUT_RETURN_TYPE = YES_ERROR;
				GCC_WARN_UNDECLARED_SELECTOR = YES;
				GCC_WARN_UNINITIALIZED_AUTOS = YES_AGGRESSIVE;
				GCC_WARN_UNUSED_FUNCTION = YES;
				GCC_WARN_UNUSED_VARIABLE = YES;
				IPHONEOS_DEPLOYMENT_TARGET = 13.2;
				MTL_ENABLE_DEBUG_INFO = NO;
				MTL_FAST_MATH = YES;
				OTHER_LIBTOOLFLAGS = "";
				SDKROOT = iphoneos;
				SWIFT_COMPILATION_MODE = wholemodule;
				SWIFT_OPTIMIZATION_LEVEL = "-O";
				VALIDATE_PRODUCT = YES;
			};
			name = Release;
		};
		BF9C6384240A160200DA740D /* Debug */ = {
			isa = XCBuildConfiguration;
			baseConfigurationReference = E88589A9934CCDF3B799082E /* Pods-Hooked.debug.xcconfig */;
			buildSettings = {
				ASSETCATALOG_COMPILER_APPICON_NAME = AppIcon;
				CLANG_ENABLE_MODULES = YES;
				CODE_SIGN_STYLE = Automatic;
				DEVELOPMENT_TEAM = 2384X3M7MT;
				INFOPLIST_FILE = Hooked/Info.plist;
				IPHONEOS_DEPLOYMENT_TARGET = 13.0;
				LD_RUNPATH_SEARCH_PATHS = (
					"$(inherited)",
					"@executable_path/Frameworks",
				);
				MARKETING_VERSION = 1.011;
				PRODUCT_BUNDLE_IDENTIFIER = Something.Hooked;
				PRODUCT_NAME = "$(TARGET_NAME)";
				SWIFT_OBJC_BRIDGING_HEADER = "Hooked/Controller/Demo Testing/Hooked-Bridging-Header.h";
				SWIFT_OPTIMIZATION_LEVEL = "-Onone";
				SWIFT_VERSION = 5.0;
				TARGETED_DEVICE_FAMILY = "1,2";
			};
			name = Debug;
		};
		BF9C6385240A160200DA740D /* Release */ = {
			isa = XCBuildConfiguration;
			baseConfigurationReference = 13C6D340510EE41201C5F875 /* Pods-Hooked.release.xcconfig */;
			buildSettings = {
				ASSETCATALOG_COMPILER_APPICON_NAME = AppIcon;
				CLANG_ENABLE_MODULES = YES;
				CODE_SIGN_STYLE = Automatic;
				DEVELOPMENT_TEAM = 2384X3M7MT;
				INFOPLIST_FILE = Hooked/Info.plist;
				IPHONEOS_DEPLOYMENT_TARGET = 13.0;
				LD_RUNPATH_SEARCH_PATHS = (
					"$(inherited)",
					"@executable_path/Frameworks",
				);
				MARKETING_VERSION = 1.011;
				PRODUCT_BUNDLE_IDENTIFIER = Something.Hooked;
				PRODUCT_NAME = "$(TARGET_NAME)";
				SWIFT_OBJC_BRIDGING_HEADER = "Hooked/Controller/Demo Testing/Hooked-Bridging-Header.h";
				SWIFT_VERSION = 5.0;
				TARGETED_DEVICE_FAMILY = "1,2";
			};
			name = Release;
		};
/* End XCBuildConfiguration section */

/* Begin XCConfigurationList section */
		BF9C6367240A160100DA740D /* Build configuration list for PBXProject "Hooked" */ = {
			isa = XCConfigurationList;
			buildConfigurations = (
				BF9C6381240A160200DA740D /* Debug */,
				BF9C6382240A160200DA740D /* Release */,
			);
			defaultConfigurationIsVisible = 0;
			defaultConfigurationName = Release;
		};
		BF9C6383240A160200DA740D /* Build configuration list for PBXNativeTarget "Hooked" */ = {
			isa = XCConfigurationList;
			buildConfigurations = (
				BF9C6384240A160200DA740D /* Debug */,
				BF9C6385240A160200DA740D /* Release */,
			);
			defaultConfigurationIsVisible = 0;
			defaultConfigurationName = Release;
		};
/* End XCConfigurationList section */

/* Begin XCVersionGroup section */
		BF9C6378240A160100DA740D /* Hooked.xcdatamodeld */ = {
			isa = XCVersionGroup;
			children = (
				BF9C6379240A160100DA740D /* Hooked.xcdatamodel */,
			);
			currentVersion = BF9C6379240A160100DA740D /* Hooked.xcdatamodel */;
			path = Hooked.xcdatamodeld;
			sourceTree = "<group>";
			versionGroupType = wrapper.xcdatamodel;
		};
/* End XCVersionGroup section */
	};
	rootObject = BF9C6364240A160100DA740D /* Project object */;
}
